{
    "_readme": [
        "This file locks the dependencies of your project to a known state",
        "Read more about it at http://getcomposer.org/doc/01-basic-usage.md#composer-lock-the-lock-file",
        "This file is @generated automatically"
    ],
    "hash": "e45ec172d379aefae961f604d1b32935",
    "packages": [
        {
            "name": "voceconnect/post-selection-ui",
            "version": "1.0.11",
            "source": {
                "type": "git",
                "url": "https://github.com/voceconnect/post-selection-ui.git",
                "reference": "22a33b79537ea80e40d4b19e3aa3d207e8e6e035"
            },
            "dist": {
                "type": "zip",
                "url": "https://api.github.com/repos/voceconnect/post-selection-ui/zipball/22a33b79537ea80e40d4b19e3aa3d207e8e6e035",
                "reference": "22a33b79537ea80e40d4b19e3aa3d207e8e6e035",
                "shasum": ""
            },
            "type": "library",
            "autoload": {
                "files": [
                    "post-selection-ui.php"
                ]
            },
            "notification-url": "https://packagist.org/downloads/",
            "license": [
                "GPLv2+"
            ],
            "authors": [
                {
                    "name": "Gary Smirny",
                    "email": "gary@voceconnect.com"
                },
                {
                    "name": "Mat Gargano",
                    "email": "mat@voceconnect.com"
                },
                {
                    "name": "Michael Pretty",
                    "email": "mpretty@voceconnect.com"
                }
            ],
            "description": "A WordPress library to display a user interface to easily select posts from any post type",
            "time": "2014-11-14 16:34:22"
        },
        {
            "name": "voceconnect/voce-post-meta",
            "version": "1.7.0",
            "source": {
                "type": "git",
                "url": "https://github.com/voceconnect/voce-post-meta.git",
                "reference": "8864457569305a586cd30e3a6c9a65582cd50644"
            },
            "dist": {
                "type": "zip",
                "url": "https://api.github.com/repos/voceconnect/voce-post-meta/zipball/8864457569305a586cd30e3a6c9a65582cd50644",
                "reference": "8864457569305a586cd30e3a6c9a65582cd50644",
                "shasum": ""
            },
            "type": "library",
            "autoload": {
                "files": [
                    "voce-post-meta.php"
                ]
            },
            "notification-url": "https://packagist.org/downloads/",
            "license": [
                "GPLv2+"
            ],
            "authors": [
                {
                    "name": "Kevin Langley Jr",
                    "email": "klangley@voceconnect.com"
                },
                {
                    "name": "Jeff Stieler",
                    "email": "jeff@voceconnect.com"
                },
                {
                    "name": "Mark Parolisi",
                    "email": "mark@voceconnect.com"
                },
                {
                    "name": "Gary Smirny",
                    "email": "gary@voceconnect.com"
                },
                {
                    "name": "Michael Pretty",
                    "email": "mpretty@voceconnect.com"
                }
            ],
            "description": "Easily create post metaboxes and add fields",
            "keywords": [
                "post meta",
                "wordpress"
            ],
            "time": "2014-10-01 17:09:44"
        }
    ],
    "packages-dev": [],
    "aliases": [],
    "minimum-stability": "stable",
    "stability-flags": [],
    "prefer-stable": false,
    "platform": [],
    "platform-dev": []
}
